
Microsoft Visual Studio Solution File, Format Version 12.00
# Visual Studio 15
VisualStudioVersion = 15.0.28307.136
MinimumVisualStudioVersion = 10.0.40219.1
Project("{9A19103F-16F7-4668-BE54-9A1E7A4F7556}") = "ClientLayer", "ClientLayer\ClientLayer.csproj", "{1C7BA81A-4FEF-435B-BC29-1102C400CD2E}"
EndProject
Project("{9A19103F-16F7-4668-BE54-9A1E7A4F7556}") = "Tests", "Tests\Tests.csproj", "{7B8E5F78-FCB4-42D3-B50A-1937EFC1D072}"
EndProject
Project("{2150E333-8FDC-42A3-9474-1A3956D46DE8}") = "RepositoryFiles", "RepositoryFiles", "{E242D289-5B79-425B-B910-B9E023D5DD75}"
	ProjectSection(SolutionItems) = preProject
		.gitignore = .gitignore
		CONTRIBUTING.md = CONTRIBUTING.md
		LICENSE = LICENSE
		README.md = README.md
	EndProjectSection
EndProject
Global
	GlobalSection(SolutionConfigurationPlatforms) = preSolution
		Debug|Any CPU = Debug|Any CPU
		Release|Any CPU = Release|Any CPU
	EndGlobalSection
	GlobalSection(ProjectConfigurationPlatforms) = postSolution
		{1C7BA81A-4FEF-435B-BC29-1102C400CD2E}.Debug|Any CPU.ActiveCfg = Debug|Any CPU
		{1C7BA81A-4FEF-435B-BC29-1102C400CD2E}.Debug|Any CPU.Build.0 = Debug|Any CPU
		{1C7BA81A-4FEF-435B-BC29-1102C400CD2E}.Release|Any CPU.ActiveCfg = Release|Any CPU
		{1C7BA81A-4FEF-435B-BC29-1102C400CD2E}.Release|Any CPU.Build.0 = Release|Any CPU
		{7B8E5F78-FCB4-42D3-B50A-1937EFC1D072}.Debug|Any CPU.ActiveCfg = Debug|Any CPU
		{7B8E5F78-FCB4-42D3-B50A-1937EFC1D072}.Debug|Any CPU.Build.0 = Debug|Any CPU
		{7B8E5F78-FCB4-42D3-B50A-1937EFC1D072}.Release|Any CPU.ActiveCfg = Release|Any CPU
		{7B8E5F78-FCB4-42D3-B50A-1937EFC1D072}.Release|Any CPU.Build.0 = Release|Any CPU
	EndGlobalSection
	GlobalSection(SolutionProperties) = preSolution
		HideSolutionNode = FALSE
	EndGlobalSection
	GlobalSection(ExtensibilityGlobals) = postSolution
		SolutionGuid = {51808B98-0BA1-41BC-8E7F-5116177171A1}
	EndGlobalSection
EndGlobal
